github.com/aws/aws-sdk-go-v2 v1.32.3 h1:T0dRlFBKcdaUPGNtkBSwHZxrtis8CQU17UpNBZYd0wk=
github.com/aws/aws-sdk-go-v2 v1.32.3/go.mod h1:2SK5n0a2karNTv5tbP1SjsX0uhttou00v/HpXKM1ZUo=
github.com/aws/aws-sdk-go-v2/aws/protocol/eventstream v1.6.6 h1:pT3hpW0cOHRJx8Y0DfJUEQuqPild8jRGmSFmBgvydr0=
github.com/aws/aws-sdk-go-v2/aws/protocol/eventstream v1.6.6/go.mod h1:j/I2++U0xX+cr44QjHay4Cvxj6FUbnxrgmqN3H1jTZA=
github.com/aws/aws-sdk-go-v2/config v1.28.0 h1:FosVYWcqEtWNxHn8gB/Vs6jOlNwSoyOCA/g/sxyySOQ=
github.com/aws/aws-sdk-go-v2/config v1.28.0/go.mod h1:pYhbtvg1siOOg8h5an77rXle9tVG8T+BWLWAo7cOukc=
github.com/aws/aws-sdk-go-v2/credentials v1.17.41 h1:7gXo+Axmp+R4Z+AK8YFQO0ZV3L0gizGINCOWxSLY9W8=
github.com/aws/aws-sdk-go-v2/credentials v1.17.41/go.mod h1:u4Eb8d3394YLubphT4jLEwN1rLNq2wFOlT6OuxFwPzU=
github.com/aws/aws-sdk-go-v2/feature/ec2/imds v1.16.17 h1:TMH3f/SCAWdNtXXVPPu5D6wrr4G5hI1rAxbcocKfC7Q=
github.com/aws/aws-sdk-go-v2/feature/ec2/imds v1.16.17/go.mod h1:1ZRXLdTpzdJb9fwTMXiLipENRxkGMTn1sfKexGllQCw=
github.com/aws/aws-sdk-go-v2/feature/s3/manager v1.15.7 h1:FnLf60PtjXp8ZOzQfhJVsqF0OtYKQZWQfqOLshh8YXg=
github.com/aws/aws-sdk-go-v2/feature/s3/manager v1.15.7/go.mod h1:tDVvl8hyU6E9B8TrnNrZQEVkQlB8hjJwcgpPhgtlnNg=
github.com/aws/aws-sdk-go-v2/internal/configsources v1.3.21 h1:UAsR3xA31QGf79WzpG/ixT9FZvQlh5HY1NRqSHBNOCk=
github.com/aws/aws-sdk-go-v2/internal/configsources v1.3.21/go.mod h1:JNr43NFf5L9YaG3eKTm7HQzls9J+A9YYcGI5Quh1r2Y=
github.com/aws/aws-sdk-go-v2/internal/endpoints/v2 v2.6.21 h1:6jZVETqmYCadGFvrYEQfC5fAQmlo80CeL5psbno6r0s=
github.com/aws/aws-sdk-go-v2/internal/endpoints/v2 v2.6.21/go.mod h1:1SR0GbLlnN3QUmYaflZNiH1ql+1qrSiB2vwcJ+4UM60=
github.com/aws/aws-sdk-go-v2/internal/ini v1.8.1 h1:VaRN3TlFdd6KxX1x3ILT5ynH6HvKgqdiXoTxAF4HQcQ=
github.com/aws/aws-sdk-go-v2/internal/ini v1.8.1/go.mod h1:FbtygfRFze9usAadmnGJNc8KsP346kEe+y2/oyhGAGc=
github.com/aws/aws-sdk-go-v2/internal/v4a v1.3.21 h1:7edmS3VOBDhK00b/MwGtGglCm7hhwNYnjJs/PgFdMQE=
github.com/aws/aws-sdk-go-v2/internal/v4a v1.3.21/go.mod h1:Q9o5h4HoIWG8XfzxqiuK/CGUbepCJ8uTlaE3bAbxytQ=
github.com/aws/aws-sdk-go-v2/service/internal/accept-encoding v1.12.0 h1:TToQNkvGguu209puTojY/ozlqy2d/SFNcoLIqTFi42g=
github.com/aws/aws-sdk-go-v2/service/internal/accept-encoding v1.12.0/go.mod h1:0jp+ltwkf+SwG2fm/PKo8t4y8pJSgOCO4D8Lz3k0aHQ=
github.com/aws/aws-sdk-go-v2/service/internal/checksum v1.4.2 h1:4FMHqLfk0efmTqhXVRL5xYRqlEBNBiRI7N6w4jsEdd4=
github.com/aws/aws-sdk-go-v2/service/internal/checksum v1.4.2/go.mod h1:LWoqeWlK9OZeJxsROW2RqrSPvQHKTpp69r/iDjwsSaw=
github.com/aws/aws-sdk-go-v2/service/internal/presigned-url v1.12.2 h1:s7NA1SOw8q/5c0wr8477yOPp0z+uBaXBnLE0XYb0POA=
github.com/aws/aws-sdk-go-v2/service/internal/presigned-url v1.12.2/go.mod h1:fnjjWyAW/Pj5HYOxl9LJqWtEwS7W2qgcRLWP+uWbss0=
github.com/aws/aws-sdk-go-v2/service/internal/s3shared v1.18.2 h1:t7iUP9+4wdc5lt3E41huP+GvQZJD38WLsgVp4iOtAjg=
github.com/aws/aws-sdk-go-v2/service/internal/s3shared v1.18.2/go.mod h1:/niFCtmuQNxqx9v8WAPq5qh7EH25U4BF6tjoyq9bObM=
github.com/aws/aws-sdk-go-v2/service/s3 v1.66.1 h1:MkQ4unegQEStiQYmfFj+Aq5uTp265ncSmm0XTQwDwi0=
github.com/aws/aws-sdk-go-v2/service/s3 v1.66.1/go.mod h1:cB6oAuus7YXRZhWCc1wIwPywwZ1XwweNp2TVAEGYeB8=
github.com/aws/aws-sdk-go-v2/service/sso v1.24.2 h1:bSYXVyUzoTHoKalBmwaZxs97HU9DWWI3ehHSAMa7xOk=
github.com/aws/aws-sdk-go-v2/service/sso v1.24.2/go.mod h1:skMqY7JElusiOUjMJMOv1jJsP7YUg7DrhgqZZWuzu1U=
github.com/aws/aws-sdk-go-v2/service/ssooidc v1.28.2 h1:AhmO1fHINP9vFYUE0LHzCWg/LfUWUF+zFPEcY9QXb7o=
github.com/aws/aws-sdk-go-v2/service/ssooidc v1.28.2/go.mod h1:o8aQygT2+MVP0NaV6kbdE1YnnIM8RRVQzoeUH45GOdI=
github.com/aws/aws-sdk-go-v2/service/sts v1.32.2 h1:CiS7i0+FUe+/YY1GvIBLLrR/XNGZ4CtM1Ll0XavNuVo=
github.com/aws/aws-sdk-go-v2/service/sts v1.32.2/go.mod h1:HtaiBI8CjYoNVde8arShXb94UbQQi9L4EMr6D+xGBwo=
github.com/aws/smithy-go v1.22.0 h1:uunKnWlcoL3zO7q+gG2Pk53joueEOsnNB28QdMsmiMM=
github.com/aws/smithy-go v1.22.0/go.mod h1:irrKGvNn1InZwb2d7fkIRNucdfwR8R+Ts3wxYa/cJHg=
github.com/beorn7/perks v1.0.1 h1:VlbKKnNfV8bJzeqoa4cOKqO6bYr3WgKZxO8Z16+hsOM=
github.com/beorn7/perks v1.0.1/go.mod h1:G2ZrVWU2WbWT9wwq4/hrbKbnv/1ERSJQ0ibhJ6rlkpw=
github.com/caddyserver/caddy/v2 v2.8.4 h1:q3pe0wpBj1OcHFZ3n/1nl4V4bxBrYoSoab7rL9BMYNk=
github.com/caddyserver/caddy/v2 v2.8.4/go.mod h1:vmDAHp3d05JIvuhc24LmnxVlsZmWnUwbP5WMjzcMPWw=
github.com/caddyserver/certmagic v0.21.3 h1:pqRRry3yuB4CWBVq9+cUqu+Y6E2z8TswbhNx1AZeYm0=
github.com/caddyserver/certmagic v0.21.3/go.mod h1:Zq6pklO9nVRl3DIFUw9gVUfXKdpc/0qwTUAQMBlfgtI=
github.com/caddyserver/zerossl v0.1.3 h1:onS+pxp3M8HnHpN5MMbOMyNjmTheJyWRaZYwn+YTAyA=
github.com/caddyserver/zerossl v0.1.3/go.mod h1:CxA0acn7oEGO6//4rtrRjYgEoa4MFw/XofZnrYwGqG4=
github.com/cespare/xxhash/v2 v2.2.0 h1:DC2CZ1Ep5Y4k3ZQ899DldepgrayRUGE6BBZ/cd9Cj44=
github.com/cespare/xxhash/v2 v2.2.0/go.mod h1:VGX0DQ3Q6kWi7AoAeZDth3/j3BFtOZR5XLFGgcrjCOs=
github.com/davecgh/go-spew v1.1.0/go.mod h1:J7Y8YcW2NihsgmVo/mv3lAwl/skON4iLHjSsI+c5H38=
github.com/davecgh/go-spew v1.1.1 h1:vj9j/u1bqnvCEfJOwUhtlOARqs3+rkHYY13jYWTU97c=
github.com/davecgh/go-spew v1.1.1/go.mod h1:J7Y8YcW2NihsgmVo/mv3lAwl/skON4iLHjSsI+c5H38=
github.com/go-logr/logr v1.4.1 h1:pKouT5E8xu9zeFC39JXRDukb6JFQPXM5p5I91188VAQ=
github.com/go-logr/logr v1.4.1/go.mod h1:9T104GzyrTigFIr8wt5mBrctHMim0Nb2HLGrmQ40KvY=
github.com/go-task/slim-sprig v0.0.0-20230315185526-52ccab3ef572 h1:tfuBGBXKqDEevZMzYi5KSi8KkcZtzBcTgAUUtapy0OI=
github.com/go-task/slim-sprig v0.0.0-20230315185526-52ccab3ef572/go.mod h1:9Pwr4B2jHnOSGXyyzV8ROjYa2ojvAY6HCGYYfMoC3Ls=
github.com/golang/protobuf v1.5.4 h1:i7eJL8qZTpSEXOPTxNKhASYpMn+8e5Q6AdndVa1dWek=
github.com/golang/protobuf v1.5.4/go.mod h1:lnTiLA8Wa4RWRcIUkrtSVa5nRhsEGBg48fD6rSs7xps=
github.com/google/go-cmp v0.6.0 h1:ofyhxvXcZhMsU5ulbFiLKl/XBFqE1GSq7atu8tAmTRI=
github.com/google/go-cmp v0.6.0/go.mod h1:17dUlkBOakJ0+DkrSSNjCkIjxS6bF9zb3elmeNGIjoY=
github.com/google/pprof v0.0.0-20231212022811-ec68065c825e h1:bwOy7hAFd0C91URzMIEBfr6BAz29yk7Qj0cy6S7DJlU=
github.com/google/pprof v0.0.0-20231212022811-ec68065c825e/go.mod h1:czg5+yv1E0ZGTi6S6vVK1mke0fV+FaUhNGcd6VRS9Ik=
github.com/google/uuid v1.6.0 h1:NIvaJDMOsjHA8n1jAhLSgzrAzy1Hgr+hNrb57e+94F0=
github.com/google/uuid v1.6.0/go.mod h1:TIyPZe4MgqvfeYDBFedMoGGpEw/LqOeaOT+nhxU+yHo=
github.com/jszwec/s3fs/v2 v2.0.0 h1:Y6UY8pW7KsJpx+hhYgmik9W3W2OiTYaY4r0J/8dGSh0=
github.com/jszwec/s3fs/v2 v2.0.0/go.mod h1:juc0h9XDG+U/dDwOprq7p1VUFrumRA5B6XlBbuDysB8=
github.com/klauspost/cpuid/v2 v2.0.12/go.mod h1:g2LTdtYhdyuGPqyWyv7qRAmj1WBqxuObKfj5c0PQa7c=
github.com/klauspost/cpuid/v2 v2.2.7 h1:ZWSB3igEs+d0qvnxR/ZBzXVmxkgt8DdzP6m9pfuVLDM=
github.com/klauspost/cpuid/v2 v2.2.7/go.mod h1:Lcz8mBdAVJIBVzewtcLocK12l3Y+JytZYpaMropDUws=
github.com/libdns/libdns v0.2.2 h1:O6ws7bAfRPaBsgAYt8MDe2HcNBGC29hkZ9MX2eUSX3s=
github.com/libdns/libdns v0.2.2/go.mod h1:4Bj9+5CQiNMVGf87wjX4CY3HQJypUHRuLvlsfsZqLWQ=
github.com/mholt/acmez/v2 v2.0.1 h1:3/3N0u1pLjMK4sNEAFSI+bcvzbPhRpY383sy1kLHJ6k=
github.com/mholt/acmez/v2 v2.0.1/go.mod h1:fX4c9r5jYwMyMsC+7tkYRxHibkOTgta5DIFGoe67e1U=
github.com/miekg/dns v1.1.59 h1:C9EXc/UToRwKLhK5wKU/I4QVsBUc8kE6MkHBkeypWZs=
github.com/miekg/dns v1.1.59/go.mod h1:nZpewl5p6IvctfgrckopVx2OlSEHPRO/U4SYkRklrEk=
github.com/onsi/ginkgo/v2 v2.13.2 h1:Bi2gGVkfn6gQcjNjZJVO8Gf0FHzMPf2phUei9tejVMs=
github.com/onsi/ginkgo/v2 v2.13.2/go.mod h1:XStQ8QcGwLyF4HdfcZB8SFOS/MWCgDuXMSBe6zrvLgM=
github.com/onsi/gomega v1.29.0 h1:KIA/t2t5UBzoirT4H9tsML45GEbo3ouUnBHsCfD2tVg=
github.com/onsi/gomega v1.29.0/go.mod h1:9sxs+SwGrKI0+PWe4Fxa9tFQQBG5xSsSbMXOI8PPpoQ=
github.com/pmezard/go-difflib v1.0.0 h1:4DBwDE0NGyQoBHbLQYPwSUPoCMWR5BEzIk/f1lZbAQM=
github.com/pmezard/go-difflib v1.0.0/go.mod h1:iKH77koFhYxTK1pcRnkKkqfTogsbg7gZNVY4sRDYZ/4=
github.com/prometheus/client_golang v1.19.1 h1:wZWJDwK+NameRJuPGDhlnFgx8e8HN3XHQeLaYJFJBOE=
github.com/prometheus/client_golang v1.19.1/go.mod h1:mP78NwGzrVks5S2H6ab8+ZZGJLZUq1hoULYBAYBw1Ho=
github.com/prometheus/client_model v0.5.0 h1:VQw1hfvPvk3Uv6Qf29VrPF32JB6rtbgI6cYPYQjL0Qw=
github.com/prometheus/client_model v0.5.0/go.mod h1:dTiFglRmd66nLR9Pv9f0mZi7B7fk5Pm3gvsjB5tr+kI=
github.com/prometheus/common v0.48.0 h1:QO8U2CdOzSn1BBsmXJXduaaW+dY/5QLjfB8svtSzKKE=
github.com/prometheus/common v0.48.0/go.mod h1:0/KsvlIEfPQCQ5I2iNSAWKPZziNCvRs5EC6ILDTlAPc=
github.com/prometheus/procfs v0.12.0 h1:jluTpSng7V9hY0O2R9DzzJHYb2xULk9VTR1V1R/k6Bo=
github.com/prometheus/procfs v0.12.0/go.mod h1:pcuDEFsWDnvcgNzo4EEweacyhjeA9Zk3cnaOZAZEfOo=
github.com/quic-go/qpack v0.4.0 h1:Cr9BXA1sQS2SmDUWjSofMPNKmvF6IiIfDRmgU0w1ZCo=
github.com/quic-go/qpack v0.4.0/go.mod h1:UZVnYIfi5GRk+zI9UMaCPsmZ2xKJP7XBUvVyT1Knj9A=
github.com/quic-go/quic-go v0.44.0 h1:So5wOr7jyO4vzL2sd8/pD9Kesciv91zSk8BoFngItQ0=
github.com/quic-go/quic-go v0.44.0/go.mod h1:z4cx/9Ny9UtGITIPzmPTXh1ULfOyWh4qGQlpnPcWmek=
github.com/stretchr/objx v0.1.0/go.mod h1:HFkY916IF+rwdDfMAkV7OtwuqBVzrE8GR6GFx+wExME=
github.com/stretchr/testify v1.6.1/go.mod h1:6Fq8oRcR53rry900zMqJjRRixrwX3KX962/h/Wwjteg=
github.com/stretchr/testify v1.9.0 h1:HtqpIVDClZ4nwg75+f6Lvsy/wHu+3BoSGCbBAcpTsTg=
github.com/stretchr/testify v1.9.0/go.mod h1:r2ic/lqez/lEtzL7wO/rwa5dbSLXVDPFyf8C91i36aY=
github.com/zeebo/assert v1.1.0 h1:hU1L1vLTHsnO8x8c9KAR5GmM5QscxHg5RNU5z5qbUWY=
github.com/zeebo/assert v1.1.0/go.mod h1:Pq9JiuJQpG8JLJdtkwrJESF0Foym2/D9XMU5ciN/wJ0=
github.com/zeebo/blake3 v0.2.3 h1:TFoLXsjeXqRNFxSbk35Dk4YtszE/MQQGK10BH4ptoTg=
github.com/zeebo/blake3 v0.2.3/go.mod h1:mjJjZpnsyIVtVgTOSpJ9vmRE4wgDeyt2HU3qXvvKCaQ=
github.com/zeebo/pcg v1.0.1 h1:lyqfGeWiv4ahac6ttHs+I5hwtH/+1mrhlCtVNQM2kHo=
github.com/zeebo/pcg v1.0.1/go.mod h1:09F0S9iiKrwn9rlI5yjLkmrug154/YRW6KnnXVDM/l4=
go.uber.org/goleak v1.3.0 h1:2K3zAYmnTNqV73imy9J1T3WC+gmCePx2hEGkimedGto=
go.uber.org/goleak v1.3.0/go.mod h1:CoHD4mav9JJNrW/WLlf7HGZPjdw8EucARQHekz1X6bE=
go.uber.org/mock v0.4.0 h1:VcM4ZOtdbR4f6VXfiOpwpVJDL6lCReaZ6mw31wqh7KU=
go.uber.org/mock v0.4.0/go.mod h1:a6FSlNadKUHUa9IP5Vyt1zh4fC7uAwxMutEAscFbkZc=
go.uber.org/multierr v1.11.0 h1:blXXJkSxSSfBVBlC76pxqeO+LN3aDfLQo+309xJstO0=
go.uber.org/multierr v1.11.0/go.mod h1:20+QtiLqy0Nd6FdQB9TLXag12DsQkrbs3htMFfDN80Y=
go.uber.org/zap v1.27.0 h1:aJMhYGrd5QSmlpLMr2MftRKl7t8J8PTZPA732ud/XR8=
go.uber.org/zap v1.27.0/go.mod h1:GB2qFLM7cTU87MWRP2mPIjqfIDnGu+VIO4V/SdhGo2E=
go.uber.org/zap/exp v0.2.0 h1:FtGenNNeCATRB3CmB/yEUnjEFeJWpB/pMcy7e2bKPYs=
go.uber.org/zap/exp v0.2.0/go.mod h1:t0gqAIdh1MfKv9EwN/dLwfZnJxe9ITAZN78HEWPFWDQ=
golang.org/x/crypto v0.23.0 h1:dIJU/v2J8Mdglj/8rJ6UUOM3Zc9zLZxVZwwxMooUSAI=
golang.org/x/crypto v0.23.0/go.mod h1:CKFgDieR+mRhux2Lsu27y0fO304Db0wZe70UKqHu0v8=
golang.org/x/exp v0.0.0-20240506185415-9bf2ced13842 h1:vr/HnozRka3pE4EsMEg1lgkXJkTFJCVUX+S/ZT6wYzM=
golang.org/x/exp v0.0.0-20240506185415-9bf2ced13842/go.mod h1:XtvwrStGgqGPLc4cjQfWqZHG1YFdYs6swckp8vpsjnc=
golang.org/x/mod v0.17.0 h1:zY54UmvipHiNd+pm+m0x9KhZ9hl1/7QNMyxXbc6ICqA=
golang.org/x/mod v0.17.0/go.mod h1:hTbmBsO62+eylJbnUtE2MGJUyE7QWk4xUqPFrRgJ+7c=
golang.org/x/net v0.25.0 h1:d/OCCoBEUq33pjydKrGQhw7IlUPI2Oylr+8qLx49kac=
golang.org/x/net v0.25.0/go.mod h1:JkAGAh7GEvH74S6FOH42FLoXpXbE/aqXSrIQjXgsiwM=
golang.org/x/sync v0.7.0 h1:YsImfSBoP9QPYL0xyKJPq0gcaJdG3rInoqxTWbfQu9M=
golang.org/x/sync v0.7.0/go.mod h1:Czt+wKu1gCyEFDUtn0jG5QVvpJ6rzVqr5aXyt9drQfk=
golang.org/x/sys v0.5.0/go.mod h1:oPkhp1MJrh7nUepCBck5+mAzfO9JrbApNNgaTdGDITg=
golang.org/x/sys v0.20.0 h1:Od9JTbYCk261bKm4M/mw7AklTlFYIa0bIp9BgSm1S8Y=
golang.org/x/sys v0.20.0/go.mod h1:/VUhepiaJMQUp4+oa/7Zr1D23ma6VTLIYjOOTFZPUcA=
golang.org/x/term v0.20.0 h1:VnkxpohqXaOBYJtBmEppKUG6mXpi+4O6purfc2+sMhw=
golang.org/x/term v0.20.0/go.mod h1:8UkIAJTvZgivsXaD6/pH6U9ecQzZ45awqEOzuCvwpFY=
golang.org/x/text v0.15.0 h1:h1V/4gjBv8v9cjcR6+AR5+/cIYK5N/WAgiv4xlsEtAk=
golang.org/x/text v0.15.0/go.mod h1:18ZOQIKpY8NJVqYksKHtTdi31H5itFRjB5/qKTNYzSU=
golang.org/x/time v0.5.0 h1:o7cqy6amK/52YcAKIPlM3a+Fpj35zvRj2TP+e1xFSfk=
golang.org/x/time v0.5.0/go.mod h1:3BpzKBy/shNhVucY/MWOyx10tF3SFh9QdLuxbVysPQM=
golang.org/x/tools v0.21.0 h1:qc0xYgIbsSDt9EyWz05J5wfa7LOVW0YTLOXrqdLAWIw=
golang.org/x/tools v0.21.0/go.mod h1:aiJjzUbINMkxbQROHiO6hDPo2LHcIPhhQsa9DLh0yGk=
google.golang.org/protobuf v1.34.1 h1:9ddQBjfCyZPOHPUiPxpYESBLc+T8P3E+Vo4IbKZgFWg=
google.golang.org/protobuf v1.34.1/go.mod h1:c6P6GXX6sHbq/GpV6MGZEdwhWPcYBgnhAHhKbcUYpos=
gopkg.in/check.v1 v0.0.0-20161208181325-20d25e280405/go.mod h1:Co6ibVJAznAaIkqp8huTwlJQCZ016jof/cbN4VW5Yz0=
gopkg.in/yaml.v3 v3.0.0-20200313102051-9f266ea9e77c/go.mod h1:K4uyk7z7BCEPqu6E+C64Yfv1cQ7kz7rIZviUmN+EgEM=
gopkg.in/yaml.v3 v3.0.1 h1:fxVm/GzAzEWqLHuvctI91KS9hhNmmWOoWu0XTYJS7CA=
gopkg.in/yaml.v3 v3.0.1/go.mod h1:K4uyk7z7BCEPqu6E+C64Yfv1cQ7kz7rIZviUmN+EgEM=
